
Microsoft Visual Studio Solution File, Format Version 12.00
# Visual Studio 15
VisualStudioVersion = 15.0.26730.12
MinimumVisualStudioVersion = 10.0.40219.1
Project("{8BC9CEB8-8B4A-11D0-8D11-00A0C91BC942}") = "Classnotes for 11_10_17", "Classnotes for 11_10_17\Classnotes for 11_10_17.vcxproj", "{F76AE89F-A7BC-4271-8580-858797BFA300}"
EndProject
Global
	GlobalSection(SolutionConfigurationPlatforms) = preSolution
		Debug|x64 = Debug|x64
		Debug|x86 = Debug|x86
		Release|x64 = Release|x64
		Release|x86 = Release|x86
	EndGlobalSection
	GlobalSection(ProjectConfigurationPlatforms) = postSolution
		{F76AE89F-A7BC-4271-8580-858797BFA300}.Debug|x64.ActiveCfg = Debug|x64
		{F76AE89F-A7BC-4271-8580-858797BFA300}.Debug|x64.Build.0 = Debug|x64
		{F76AE89F-A7BC-4271-8580-858797BFA300}.Debug|x86.ActiveCfg = Debug|Win32
		{F76AE89F-A7BC-4271-8580-858797BFA300}.Debug|x86.Build.0 = Debug|Win32
		{F76AE89F-A7BC-4271-8580-858797BFA300}.Release|x64.ActiveCfg = Release|x64
		{F76AE89F-A7BC-4271-8580-858797BFA300}.Release|x64.Build.0 = Release|x64
		{F76AE89F-A7BC-4271-8580-858797BFA300}.Release|x86.ActiveCfg = Release|Win32
		{F76AE89F-A7BC-4271-8580-858797BFA300}.Release|x86.Build.0 = Release|Win32
	EndGlobalSection
	GlobalSection(SolutionProperties) = preSolution
		HideSolutionNode = FALSE
	EndGlobalSection
	GlobalSection(ExtensibilityGlobals) = postSolution
		SolutionGuid = {4F0292F5-9312-42EE-9D14-590B0B5A126C}
	EndGlobalSection
EndGlobal
